
Microsoft Visual Studio Solution File, Format Version 12.00
# Visual Studio Version 17
VisualStudioVersion = 17.10.35027.167
MinimumVisualStudioVersion = 10.0.40219.1
Project("{FAE04EC0-301F-11D3-BF4B-00C04F79EFBC}") = "VisualShow_Admin", "VisualShow_Admin\VisualShow_Admin.csproj", "{798D52EC-84A2-4E84-800D-3C12F4BD777B}"
EndProject
Global
	GlobalSection(SolutionConfigurationPlatforms) = preSolution
		Debug|Any CPU = Debug|Any CPU
		Release|Any CPU = Release|Any CPU
	EndGlobalSection
	GlobalSection(ProjectConfigurationPlatforms) = postSolution
		{798D52EC-84A2-4E84-800D-3C12F4BD777B}.Debug|Any CPU.ActiveCfg = Debug|Any CPU
		{798D52EC-84A2-4E84-800D-3C12F4BD777B}.Debug|Any CPU.Build.0 = Debug|Any CPU
		{798D52EC-84A2-4E84-800D-3C12F4BD777B}.Release|Any CPU.ActiveCfg = Release|Any CPU
		{798D52EC-84A2-4E84-800D-3C12F4BD777B}.Release|Any CPU.Build.0 = Release|Any CPU
	EndGlobalSection
	GlobalSection(SolutionProperties) = preSolution
		HideSolutionNode = FALSE
	EndGlobalSection
	GlobalSection(ExtensibilityGlobals) = postSolution
		SolutionGuid = {2A594734-E981-4827-A357-74797EF435C6}
	EndGlobalSection
EndGlobal
